
Microsoft Visual Studio Solution File, Format Version 12.00
# Visual Studio Version 16
VisualStudioVersion = 16.0.29020.237
MinimumVisualStudioVersion = 10.0.40219.1
Project("{FAE04EC0-301F-11D3-BF4B-00C04F79EFBC}") = "Tokenizer", "Tokenizer\Tokenizer.csproj", "{C93BE3A2-E900-4DBD-A7C5-D337ABAFDF32}"
EndProject
Project("{FAE04EC0-301F-11D3-BF4B-00C04F79EFBC}") = "Example", "Example\Example.csproj", "{5CABEE94-23A0-4E19-A806-4639CFA90A0B}"
EndProject
Global
	GlobalSection(SolutionConfigurationPlatforms) = preSolution
		Debug|Any CPU = Debug|Any CPU
		Release|Any CPU = Release|Any CPU
	EndGlobalSection
	GlobalSection(ProjectConfigurationPlatforms) = postSolution
		{C93BE3A2-E900-4DBD-A7C5-D337ABAFDF32}.Debug|Any CPU.ActiveCfg = Debug|Any CPU
		{C93BE3A2-E900-4DBD-A7C5-D337ABAFDF32}.Debug|Any CPU.Build.0 = Debug|Any CPU
		{C93BE3A2-E900-4DBD-A7C5-D337ABAFDF32}.Release|Any CPU.ActiveCfg = Release|Any CPU
		{C93BE3A2-E900-4DBD-A7C5-D337ABAFDF32}.Release|Any CPU.Build.0 = Release|Any CPU
		{5CABEE94-23A0-4E19-A806-4639CFA90A0B}.Debug|Any CPU.ActiveCfg = Debug|Any CPU
		{5CABEE94-23A0-4E19-A806-4639CFA90A0B}.Debug|Any CPU.Build.0 = Debug|Any CPU
		{5CABEE94-23A0-4E19-A806-4639CFA90A0B}.Release|Any CPU.ActiveCfg = Release|Any CPU
		{5CABEE94-23A0-4E19-A806-4639CFA90A0B}.Release|Any CPU.Build.0 = Release|Any CPU
	EndGlobalSection
	GlobalSection(SolutionProperties) = preSolution
		HideSolutionNode = FALSE
	EndGlobalSection
	GlobalSection(ExtensibilityGlobals) = postSolution
		SolutionGuid = {C716B372-AD70-4E28-A717-8918AF77D3D0}
	EndGlobalSection
EndGlobal
